
Microsoft Visual Studio Solution File, Format Version 12.00
# Visual Studio Version 16
VisualStudioVersion = 16.0.30907.101
MinimumVisualStudioVersion = 10.0.40219.1
Project("{FAE04EC0-301F-11D3-BF4B-00C04F79EFBC}") = "ProjetoAtividade", "ProjetoAtividade\ProjetoAtividade.csproj", "{6E128AD9-AA82-40DE-8788-549953EC78C4}"
EndProject
Project("{FAE04EC0-301F-11D3-BF4B-00C04F79EFBC}") = "Modelo", "Modelo\Modelo.csproj", "{FDEDEAAE-16C6-49F6-81FE-9FAFC936E644}"
EndProject
Project("{FAE04EC0-301F-11D3-BF4B-00C04F79EFBC}") = "Persistencia", "Persistencia\Persistencia.csproj", "{6F453C54-A727-42F4-B94B-500EDB0BD1C3}"
EndProject
Project("{FAE04EC0-301F-11D3-BF4B-00C04F79EFBC}") = "Servico", "Servico\Servico.csproj", "{B6F4AA54-DF06-44F1-B2B6-4DC7D4679779}"
EndProject
Global
	GlobalSection(SolutionConfigurationPlatforms) = preSolution
		Debug|Any CPU = Debug|Any CPU
		Release|Any CPU = Release|Any CPU
	EndGlobalSection
	GlobalSection(ProjectConfigurationPlatforms) = postSolution
		{6E128AD9-AA82-40DE-8788-549953EC78C4}.Debug|Any CPU.ActiveCfg = Debug|Any CPU
		{6E128AD9-AA82-40DE-8788-549953EC78C4}.Debug|Any CPU.Build.0 = Debug|Any CPU
		{6E128AD9-AA82-40DE-8788-549953EC78C4}.Release|Any CPU.ActiveCfg = Release|Any CPU
		{6E128AD9-AA82-40DE-8788-549953EC78C4}.Release|Any CPU.Build.0 = Release|Any CPU
		{FDEDEAAE-16C6-49F6-81FE-9FAFC936E644}.Debug|Any CPU.ActiveCfg = Debug|Any CPU
		{FDEDEAAE-16C6-49F6-81FE-9FAFC936E644}.Debug|Any CPU.Build.0 = Debug|Any CPU
		{FDEDEAAE-16C6-49F6-81FE-9FAFC936E644}.Release|Any CPU.ActiveCfg = Release|Any CPU
		{FDEDEAAE-16C6-49F6-81FE-9FAFC936E644}.Release|Any CPU.Build.0 = Release|Any CPU
		{6F453C54-A727-42F4-B94B-500EDB0BD1C3}.Debug|Any CPU.ActiveCfg = Debug|Any CPU
		{6F453C54-A727-42F4-B94B-500EDB0BD1C3}.Debug|Any CPU.Build.0 = Debug|Any CPU
		{6F453C54-A727-42F4-B94B-500EDB0BD1C3}.Release|Any CPU.ActiveCfg = Release|Any CPU
		{6F453C54-A727-42F4-B94B-500EDB0BD1C3}.Release|Any CPU.Build.0 = Release|Any CPU
		{B6F4AA54-DF06-44F1-B2B6-4DC7D4679779}.Debug|Any CPU.ActiveCfg = Debug|Any CPU
		{B6F4AA54-DF06-44F1-B2B6-4DC7D4679779}.Debug|Any CPU.Build.0 = Debug|Any CPU
		{B6F4AA54-DF06-44F1-B2B6-4DC7D4679779}.Release|Any CPU.ActiveCfg = Release|Any CPU
		{B6F4AA54-DF06-44F1-B2B6-4DC7D4679779}.Release|Any CPU.Build.0 = Release|Any CPU
	EndGlobalSection
	GlobalSection(SolutionProperties) = preSolution
		HideSolutionNode = FALSE
	EndGlobalSection
	GlobalSection(ExtensibilityGlobals) = postSolution
		SolutionGuid = {A0E50032-B5D3-48BB-84D6-AECADA4484D8}
	EndGlobalSection
EndGlobal
